<?xml version="1.0" encoding="utf-8"?>
<Project ToolsVersion="4.0" xmlns="http://schemas.microsoft.com/developer/msbuild/2003">
  <ItemGroup>
    <Filter Include="源文件">
      <UniqueIdentifier>{4FC737F1-C7A5-4376-A066-2A32D752A2FF}</UniqueIdentifier>
      <Extensions>cpp;c;cc;cxx;def;odl;idl;hpj;bat;asm;asmx</Extensions>
    </Filter>
    <Filter Include="头文件">
      <UniqueIdentifier>{93995380-89BD-4b04-88EB-625FBE52EBFB}</UniqueIdentifier>
      <Extensions>h;hh;hpp;hxx;hm;inl;inc;xsd</Extensions>
    </Filter>
    <Filter Include="资源文件">
      <UniqueIdentifier>{67DA6AB6-F800-4c08-8B7A-83BB121AAD01}</UniqueIdentifier>
      <Extensions>rc;ico;cur;bmp;dlg;rc2;rct;bin;rgs;gif;jpg;jpeg;jpe;resx;tiff;tif;png;wav;mfcribbon-ms</Extensions>
    </Filter>
    <Filter Include="源文件\KDTree">
      <UniqueIdentifier>{ee9d926b-bb92-4473-ae45-6d1139fc3b80}</UniqueIdentifier>
    </Filter>
    <Filter Include="源文件\MRF">
      <UniqueIdentifier>{a1db3622-05e9-47c5-8f9d-7a6036212b6b}</UniqueIdentifier>
    </Filter>
  </ItemGroup>
  <ItemGroup>
    <ClCompile Include="TextureInpaint.cpp">
      <Filter>源文件</Filter>
    </ClCompile>
    <ClCompile Include="MRF\minimize.cpp">
      <Filter>源文件\MRF</Filter>
    </ClCompile>
    <ClCompile Include="MRF\MRFEnergy.cpp">
      <Filter>源文件\MRF</Filter>
    </ClCompile>
    <ClCompile Include="MRF\treeProbabilities.cpp">
      <Filter>源文件\MRF</Filter>
    </ClCompile>
  </ItemGroup>
  <ItemGroup>
    <ClInclude Include="Points.h">
      <Filter>头文件</Filter>
    </ClInclude>
    <ClInclude Include="cloudpoints.h">
      <Filter>源文件\KDTree</Filter>
    </ClInclude>
    <ClInclude Include="nanoflann.hpp">
      <Filter>源文件\KDTree</Filter>
    </ClInclude>
    <ClInclude Include="MRF\instances.h">
      <Filter>源文件\MRF</Filter>
    </ClInclude>
    <ClInclude Include="MRF\MRFEnergy.h">
      <Filter>源文件\MRF</Filter>
    </ClInclude>
    <ClInclude Include="MRF\typeGeneral.h">
      <Filter>源文件\MRF</Filter>
    </ClInclude>
  </ItemGroup>
</Project>